
Microsoft Visual Studio Solution File, Format Version 12.00
# Visual Studio Version 17
VisualStudioVersion = 17.1.32319.34
MinimumVisualStudioVersion = 10.0.40219.1
Project("{FAE04EC0-301F-11D3-BF4B-00C04F79EFBC}") = "UVO", "UVO\UVO.csproj", "{8E7EF80C-F4A0-4FC3-88CB-A2631E0EE40C}"
EndProject
Global
	GlobalSection(SolutionConfigurationPlatforms) = preSolution
		Debug|Any CPU = Debug|Any CPU
		Release|Any CPU = Release|Any CPU
	EndGlobalSection
	GlobalSection(ProjectConfigurationPlatforms) = postSolution
		{8E7EF80C-F4A0-4FC3-88CB-A2631E0EE40C}.Debug|Any CPU.ActiveCfg = Debug|Any CPU
		{8E7EF80C-F4A0-4FC3-88CB-A2631E0EE40C}.Debug|Any CPU.Build.0 = Debug|Any CPU
		{8E7EF80C-F4A0-4FC3-88CB-A2631E0EE40C}.Release|Any CPU.ActiveCfg = Release|Any CPU
		{8E7EF80C-F4A0-4FC3-88CB-A2631E0EE40C}.Release|Any CPU.Build.0 = Release|Any CPU
	EndGlobalSection
	GlobalSection(SolutionProperties) = preSolution
		HideSolutionNode = FALSE
	EndGlobalSection
	GlobalSection(ExtensibilityGlobals) = postSolution
		SolutionGuid = {DBE7957D-7A5D-4D2A-90E1-CF450763C89B}
	EndGlobalSection
EndGlobal
